
Microsoft Visual Studio Solution File, Format Version 12.00
# Visual Studio Version 17
VisualStudioVersion = 17.3.32929.385
MinimumVisualStudioVersion = 10.0.40219.1
Project("{FAE04EC0-301F-11D3-BF4B-00C04F79EFBC}") = "TrainingSkeleton_SonDXT", "TrainingSkeleton_SonDXT.csproj", "{59BDA747-A239-4087-A55A-A2A6AAE8A05A}"
EndProject
Global
	GlobalSection(SolutionConfigurationPlatforms) = preSolution
		Debug|Any CPU = Debug|Any CPU
		Release|Any CPU = Release|Any CPU
	EndGlobalSection
	GlobalSection(ProjectConfigurationPlatforms) = postSolution
		{59BDA747-A239-4087-A55A-A2A6AAE8A05A}.Debug|Any CPU.ActiveCfg = Debug|Any CPU
		{59BDA747-A239-4087-A55A-A2A6AAE8A05A}.Debug|Any CPU.Build.0 = Debug|Any CPU
		{59BDA747-A239-4087-A55A-A2A6AAE8A05A}.Release|Any CPU.ActiveCfg = Release|Any CPU
		{59BDA747-A239-4087-A55A-A2A6AAE8A05A}.Release|Any CPU.Build.0 = Release|Any CPU
	EndGlobalSection
	GlobalSection(SolutionProperties) = preSolution
		HideSolutionNode = FALSE
	EndGlobalSection
	GlobalSection(ExtensibilityGlobals) = postSolution
		SolutionGuid = {F72EE8AB-8EDC-4775-8DBC-2A75A08865E0}
	EndGlobalSection
EndGlobal
